
Microsoft Visual Studio Solution File, Format Version 12.00
# Visual Studio Version 17
VisualStudioVersion = 17.5.33516.290
MinimumVisualStudioVersion = 10.0.40219.1
Project("{FAE04EC0-301F-11D3-BF4B-00C04F79EFBC}") = "Ejercicio_I02", "Ejercicio_I02\Ejercicio_I02.csproj", "{897543DA-4C89-4737-9535-8A8CB5003A5C}"
EndProject
Project("{FAE04EC0-301F-11D3-BF4B-00C04F79EFBC}") = "Entidades", "Entidades\Entidades.csproj", "{2EF38E53-A4C3-415D-B38B-AD107A15FE69}"
EndProject
Global
	GlobalSection(SolutionConfigurationPlatforms) = preSolution
		Debug|Any CPU = Debug|Any CPU
		Release|Any CPU = Release|Any CPU
	EndGlobalSection
	GlobalSection(ProjectConfigurationPlatforms) = postSolution
		{897543DA-4C89-4737-9535-8A8CB5003A5C}.Debug|Any CPU.ActiveCfg = Debug|Any CPU
		{897543DA-4C89-4737-9535-8A8CB5003A5C}.Debug|Any CPU.Build.0 = Debug|Any CPU
		{897543DA-4C89-4737-9535-8A8CB5003A5C}.Release|Any CPU.ActiveCfg = Release|Any CPU
		{897543DA-4C89-4737-9535-8A8CB5003A5C}.Release|Any CPU.Build.0 = Release|Any CPU
		{2EF38E53-A4C3-415D-B38B-AD107A15FE69}.Debug|Any CPU.ActiveCfg = Debug|Any CPU
		{2EF38E53-A4C3-415D-B38B-AD107A15FE69}.Debug|Any CPU.Build.0 = Debug|Any CPU
		{2EF38E53-A4C3-415D-B38B-AD107A15FE69}.Release|Any CPU.ActiveCfg = Release|Any CPU
		{2EF38E53-A4C3-415D-B38B-AD107A15FE69}.Release|Any CPU.Build.0 = Release|Any CPU
	EndGlobalSection
	GlobalSection(SolutionProperties) = preSolution
		HideSolutionNode = FALSE
	EndGlobalSection
	GlobalSection(ExtensibilityGlobals) = postSolution
		SolutionGuid = {D8974133-5858-4569-B423-B1B5C93B1D1F}
	EndGlobalSection
EndGlobal
