
Microsoft Visual Studio Solution File, Format Version 12.00
# Visual Studio Version 17
VisualStudioVersion = 17.6.33723.286
MinimumVisualStudioVersion = 10.0.40219.1
Project("{FAE04EC0-301F-11D3-BF4B-00C04F79EFBC}") = "Ejercicion_I02", "Ejercicion_I02\Ejercicion_I02.csproj", "{5C35628E-9B5B-4EAA-B9EB-4B1894851DD1}"
EndProject
Project("{FAE04EC0-301F-11D3-BF4B-00C04F79EFBC}") = "Entidades", "Entidades\Entidades.csproj", "{12E30014-6396-4084-8F72-BFDAB35AA606}"
EndProject
Global
	GlobalSection(SolutionConfigurationPlatforms) = preSolution
		Debug|Any CPU = Debug|Any CPU
		Release|Any CPU = Release|Any CPU
	EndGlobalSection
	GlobalSection(ProjectConfigurationPlatforms) = postSolution
		{5C35628E-9B5B-4EAA-B9EB-4B1894851DD1}.Debug|Any CPU.ActiveCfg = Debug|Any CPU
		{5C35628E-9B5B-4EAA-B9EB-4B1894851DD1}.Debug|Any CPU.Build.0 = Debug|Any CPU
		{5C35628E-9B5B-4EAA-B9EB-4B1894851DD1}.Release|Any CPU.ActiveCfg = Release|Any CPU
		{5C35628E-9B5B-4EAA-B9EB-4B1894851DD1}.Release|Any CPU.Build.0 = Release|Any CPU
		{12E30014-6396-4084-8F72-BFDAB35AA606}.Debug|Any CPU.ActiveCfg = Debug|Any CPU
		{12E30014-6396-4084-8F72-BFDAB35AA606}.Debug|Any CPU.Build.0 = Debug|Any CPU
		{12E30014-6396-4084-8F72-BFDAB35AA606}.Release|Any CPU.ActiveCfg = Release|Any CPU
		{12E30014-6396-4084-8F72-BFDAB35AA606}.Release|Any CPU.Build.0 = Release|Any CPU
	EndGlobalSection
	GlobalSection(SolutionProperties) = preSolution
		HideSolutionNode = FALSE
	EndGlobalSection
	GlobalSection(ExtensibilityGlobals) = postSolution
		SolutionGuid = {30C1DF7B-4AA2-44A3-96AE-ABF3786932B9}
	EndGlobalSection
EndGlobal
