
Microsoft Visual Studio Solution File, Format Version 12.00
# Visual Studio Version 17
VisualStudioVersion = 17.5.33516.290
MinimumVisualStudioVersion = 10.0.40219.1
Project("{FAE04EC0-301F-11D3-BF4B-00C04F79EFBC}") = "Ejercicio_17", "Ejercicio_17\Ejercicio_17.csproj", "{D6EAB9CC-E468-4773-BFD4-006DF0477BA1}"
EndProject
Project("{FAE04EC0-301F-11D3-BF4B-00C04F79EFBC}") = "Entidades", "Entidades\Entidades.csproj", "{D6BCF407-1836-43D9-922E-22BDD1162F3E}"
EndProject
Global
	GlobalSection(SolutionConfigurationPlatforms) = preSolution
		Debug|Any CPU = Debug|Any CPU
		Release|Any CPU = Release|Any CPU
	EndGlobalSection
	GlobalSection(ProjectConfigurationPlatforms) = postSolution
		{D6EAB9CC-E468-4773-BFD4-006DF0477BA1}.Debug|Any CPU.ActiveCfg = Debug|Any CPU
		{D6EAB9CC-E468-4773-BFD4-006DF0477BA1}.Debug|Any CPU.Build.0 = Debug|Any CPU
		{D6EAB9CC-E468-4773-BFD4-006DF0477BA1}.Release|Any CPU.ActiveCfg = Release|Any CPU
		{D6EAB9CC-E468-4773-BFD4-006DF0477BA1}.Release|Any CPU.Build.0 = Release|Any CPU
		{D6BCF407-1836-43D9-922E-22BDD1162F3E}.Debug|Any CPU.ActiveCfg = Debug|Any CPU
		{D6BCF407-1836-43D9-922E-22BDD1162F3E}.Debug|Any CPU.Build.0 = Debug|Any CPU
		{D6BCF407-1836-43D9-922E-22BDD1162F3E}.Release|Any CPU.ActiveCfg = Release|Any CPU
		{D6BCF407-1836-43D9-922E-22BDD1162F3E}.Release|Any CPU.Build.0 = Release|Any CPU
	EndGlobalSection
	GlobalSection(SolutionProperties) = preSolution
		HideSolutionNode = FALSE
	EndGlobalSection
	GlobalSection(ExtensibilityGlobals) = postSolution
		SolutionGuid = {096DBB08-D98B-41B8-8840-05A76292678A}
	EndGlobalSection
EndGlobal
