
Microsoft Visual Studio Solution File, Format Version 12.00
# Visual Studio Version 17
VisualStudioVersion = 17.5.33516.290
MinimumVisualStudioVersion = 10.0.40219.1
Project("{FAE04EC0-301F-11D3-BF4B-00C04F79EFBC}") = "20220510-RPP-Alumno_v6.0", "20220510-RPP-Alumno_v6.0\20220510-RPP-Alumno_v6.0.csproj", "{1605DAF0-B270-4563-9149-EC88DB73C566}"
EndProject
Project("{FAE04EC0-301F-11D3-BF4B-00C04F79EFBC}") = "Entidades", "Entidades\Entidades.csproj", "{0F4B5BC2-D2C4-4CDC-A679-D6F67BB8F91E}"
EndProject
Project("{FAE04EC0-301F-11D3-BF4B-00C04F79EFBC}") = "FormTaller", "FormTaller\FormTaller.csproj", "{484EB8CA-0807-44FA-9BEB-4A92B7042D4F}"
EndProject
Global
	GlobalSection(SolutionConfigurationPlatforms) = preSolution
		Debug|Any CPU = Debug|Any CPU
		Release|Any CPU = Release|Any CPU
	EndGlobalSection
	GlobalSection(ProjectConfigurationPlatforms) = postSolution
		{1605DAF0-B270-4563-9149-EC88DB73C566}.Debug|Any CPU.ActiveCfg = Debug|Any CPU
		{1605DAF0-B270-4563-9149-EC88DB73C566}.Debug|Any CPU.Build.0 = Debug|Any CPU
		{1605DAF0-B270-4563-9149-EC88DB73C566}.Release|Any CPU.ActiveCfg = Release|Any CPU
		{1605DAF0-B270-4563-9149-EC88DB73C566}.Release|Any CPU.Build.0 = Release|Any CPU
		{0F4B5BC2-D2C4-4CDC-A679-D6F67BB8F91E}.Debug|Any CPU.ActiveCfg = Debug|Any CPU
		{0F4B5BC2-D2C4-4CDC-A679-D6F67BB8F91E}.Debug|Any CPU.Build.0 = Debug|Any CPU
		{0F4B5BC2-D2C4-4CDC-A679-D6F67BB8F91E}.Release|Any CPU.ActiveCfg = Release|Any CPU
		{0F4B5BC2-D2C4-4CDC-A679-D6F67BB8F91E}.Release|Any CPU.Build.0 = Release|Any CPU
		{484EB8CA-0807-44FA-9BEB-4A92B7042D4F}.Debug|Any CPU.ActiveCfg = Debug|Any CPU
		{484EB8CA-0807-44FA-9BEB-4A92B7042D4F}.Debug|Any CPU.Build.0 = Debug|Any CPU
		{484EB8CA-0807-44FA-9BEB-4A92B7042D4F}.Release|Any CPU.ActiveCfg = Release|Any CPU
		{484EB8CA-0807-44FA-9BEB-4A92B7042D4F}.Release|Any CPU.Build.0 = Release|Any CPU
	EndGlobalSection
	GlobalSection(SolutionProperties) = preSolution
		HideSolutionNode = FALSE
	EndGlobalSection
	GlobalSection(ExtensibilityGlobals) = postSolution
		SolutionGuid = {069DA31E-3553-4C8E-9448-88B110EC3D38}
	EndGlobalSection
EndGlobal
