
Microsoft Visual Studio Solution File, Format Version 12.00
# Visual Studio Version 17
VisualStudioVersion = 17.5.33516.290
MinimumVisualStudioVersion = 10.0.40219.1
Project("{FAE04EC0-301F-11D3-BF4B-00C04F79EFBC}") = "Clase2", "Clase2\Clase2.csproj", "{725C53EF-F8B9-4639-AAB5-85A3ED54244C}"
EndProject
Project("{FAE04EC0-301F-11D3-BF4B-00C04F79EFBC}") = "Entidades", "Entidades\Entidades.csproj", "{6965F1B8-C83E-430E-9A36-93D423AABDD6}"
EndProject
Global
	GlobalSection(SolutionConfigurationPlatforms) = preSolution
		Debug|Any CPU = Debug|Any CPU
		Release|Any CPU = Release|Any CPU
	EndGlobalSection
	GlobalSection(ProjectConfigurationPlatforms) = postSolution
		{725C53EF-F8B9-4639-AAB5-85A3ED54244C}.Debug|Any CPU.ActiveCfg = Debug|Any CPU
		{725C53EF-F8B9-4639-AAB5-85A3ED54244C}.Debug|Any CPU.Build.0 = Debug|Any CPU
		{725C53EF-F8B9-4639-AAB5-85A3ED54244C}.Release|Any CPU.ActiveCfg = Release|Any CPU
		{725C53EF-F8B9-4639-AAB5-85A3ED54244C}.Release|Any CPU.Build.0 = Release|Any CPU
		{6965F1B8-C83E-430E-9A36-93D423AABDD6}.Debug|Any CPU.ActiveCfg = Debug|Any CPU
		{6965F1B8-C83E-430E-9A36-93D423AABDD6}.Debug|Any CPU.Build.0 = Debug|Any CPU
		{6965F1B8-C83E-430E-9A36-93D423AABDD6}.Release|Any CPU.ActiveCfg = Release|Any CPU
		{6965F1B8-C83E-430E-9A36-93D423AABDD6}.Release|Any CPU.Build.0 = Release|Any CPU
	EndGlobalSection
	GlobalSection(SolutionProperties) = preSolution
		HideSolutionNode = FALSE
	EndGlobalSection
	GlobalSection(ExtensibilityGlobals) = postSolution
		SolutionGuid = {AD31FA45-C93F-4DF7-BFF0-B4DDB87047FB}
	EndGlobalSection
EndGlobal
