
Microsoft Visual Studio Solution File, Format Version 12.00
# Visual Studio Version 17
VisualStudioVersion = 17.5.33516.290
MinimumVisualStudioVersion = 10.0.40219.1
Project("{FAE04EC0-301F-11D3-BF4B-00C04F79EFBC}") = "Ejercicio_18", "Ejercicio_18\Ejercicio_18.csproj", "{32024D97-719C-4046-B228-D611B028087F}"
EndProject
Project("{FAE04EC0-301F-11D3-BF4B-00C04F79EFBC}") = "Geometria", "Geometria\Geometria.csproj", "{A9071095-F63F-4437-86DA-D145ADF6EF3B}"
EndProject
Global
	GlobalSection(SolutionConfigurationPlatforms) = preSolution
		Debug|Any CPU = Debug|Any CPU
		Release|Any CPU = Release|Any CPU
	EndGlobalSection
	GlobalSection(ProjectConfigurationPlatforms) = postSolution
		{32024D97-719C-4046-B228-D611B028087F}.Debug|Any CPU.ActiveCfg = Debug|Any CPU
		{32024D97-719C-4046-B228-D611B028087F}.Debug|Any CPU.Build.0 = Debug|Any CPU
		{32024D97-719C-4046-B228-D611B028087F}.Release|Any CPU.ActiveCfg = Release|Any CPU
		{32024D97-719C-4046-B228-D611B028087F}.Release|Any CPU.Build.0 = Release|Any CPU
		{A9071095-F63F-4437-86DA-D145ADF6EF3B}.Debug|Any CPU.ActiveCfg = Debug|Any CPU
		{A9071095-F63F-4437-86DA-D145ADF6EF3B}.Debug|Any CPU.Build.0 = Debug|Any CPU
		{A9071095-F63F-4437-86DA-D145ADF6EF3B}.Release|Any CPU.ActiveCfg = Release|Any CPU
		{A9071095-F63F-4437-86DA-D145ADF6EF3B}.Release|Any CPU.Build.0 = Release|Any CPU
	EndGlobalSection
	GlobalSection(SolutionProperties) = preSolution
		HideSolutionNode = FALSE
	EndGlobalSection
	GlobalSection(ExtensibilityGlobals) = postSolution
		SolutionGuid = {68CD5BE7-2316-44A7-A4D0-51713EE4C3CC}
	EndGlobalSection
EndGlobal
