
Microsoft Visual Studio Solution File, Format Version 12.00
# Visual Studio Version 17
VisualStudioVersion = 17.5.33516.290
MinimumVisualStudioVersion = 10.0.40219.1
Project("{9A19103F-16F7-4668-BE54-9A1E7A4F7556}") = "Entidades", "20220426-PP\Entidades.csproj", "{923B530A-72E8-44E7-A54A-91624E07F97B}"
EndProject
Project("{9A19103F-16F7-4668-BE54-9A1E7A4F7556}") = "20220426-Consola", "20220426-Consola\20220426-Consola.csproj", "{B407287B-871F-4C02-AF16-0A8BCC294B71}"
EndProject
Project("{FAE04EC0-301F-11D3-BF4B-00C04F79EFBC}") = "FormCentroDeAtencion", "FormCentroDeAtencion\FormCentroDeAtencion.csproj", "{339F3D26-CD70-4B15-9205-E67D9457C3CE}"
EndProject
Global
	GlobalSection(SolutionConfigurationPlatforms) = preSolution
		Debug|Any CPU = Debug|Any CPU
		Release|Any CPU = Release|Any CPU
	EndGlobalSection
	GlobalSection(ProjectConfigurationPlatforms) = postSolution
		{923B530A-72E8-44E7-A54A-91624E07F97B}.Debug|Any CPU.ActiveCfg = Debug|Any CPU
		{923B530A-72E8-44E7-A54A-91624E07F97B}.Debug|Any CPU.Build.0 = Debug|Any CPU
		{923B530A-72E8-44E7-A54A-91624E07F97B}.Release|Any CPU.ActiveCfg = Release|Any CPU
		{923B530A-72E8-44E7-A54A-91624E07F97B}.Release|Any CPU.Build.0 = Release|Any CPU
		{B407287B-871F-4C02-AF16-0A8BCC294B71}.Debug|Any CPU.ActiveCfg = Debug|Any CPU
		{B407287B-871F-4C02-AF16-0A8BCC294B71}.Debug|Any CPU.Build.0 = Debug|Any CPU
		{B407287B-871F-4C02-AF16-0A8BCC294B71}.Release|Any CPU.ActiveCfg = Release|Any CPU
		{B407287B-871F-4C02-AF16-0A8BCC294B71}.Release|Any CPU.Build.0 = Release|Any CPU
		{339F3D26-CD70-4B15-9205-E67D9457C3CE}.Debug|Any CPU.ActiveCfg = Debug|Any CPU
		{339F3D26-CD70-4B15-9205-E67D9457C3CE}.Debug|Any CPU.Build.0 = Debug|Any CPU
		{339F3D26-CD70-4B15-9205-E67D9457C3CE}.Release|Any CPU.ActiveCfg = Release|Any CPU
		{339F3D26-CD70-4B15-9205-E67D9457C3CE}.Release|Any CPU.Build.0 = Release|Any CPU
	EndGlobalSection
	GlobalSection(SolutionProperties) = preSolution
		HideSolutionNode = FALSE
	EndGlobalSection
	GlobalSection(ExtensibilityGlobals) = postSolution
		SolutionGuid = {D67924C5-B145-4382-9B53-5654D7A6469D}
	EndGlobalSection
EndGlobal
