
Microsoft Visual Studio Solution File, Format Version 12.00
# Visual Studio Version 17
VisualStudioVersion = 17.5.33516.290
MinimumVisualStudioVersion = 10.0.40219.1
Project("{FAE04EC0-301F-11D3-BF4B-00C04F79EFBC}") = "Ejercicio_C01", "Ejercicio_C01\Ejercicio_C01.csproj", "{91E515C5-67CC-4D42-9FA6-1E1B628F54F6}"
EndProject
Project("{FAE04EC0-301F-11D3-BF4B-00C04F79EFBC}") = "Entidades", "Entidades\Entidades.csproj", "{AE0F3F62-5734-44C7-B838-FB468A97C2BA}"
EndProject
Global
	GlobalSection(SolutionConfigurationPlatforms) = preSolution
		Debug|Any CPU = Debug|Any CPU
		Release|Any CPU = Release|Any CPU
	EndGlobalSection
	GlobalSection(ProjectConfigurationPlatforms) = postSolution
		{91E515C5-67CC-4D42-9FA6-1E1B628F54F6}.Debug|Any CPU.ActiveCfg = Debug|Any CPU
		{91E515C5-67CC-4D42-9FA6-1E1B628F54F6}.Debug|Any CPU.Build.0 = Debug|Any CPU
		{91E515C5-67CC-4D42-9FA6-1E1B628F54F6}.Release|Any CPU.ActiveCfg = Release|Any CPU
		{91E515C5-67CC-4D42-9FA6-1E1B628F54F6}.Release|Any CPU.Build.0 = Release|Any CPU
		{AE0F3F62-5734-44C7-B838-FB468A97C2BA}.Debug|Any CPU.ActiveCfg = Debug|Any CPU
		{AE0F3F62-5734-44C7-B838-FB468A97C2BA}.Debug|Any CPU.Build.0 = Debug|Any CPU
		{AE0F3F62-5734-44C7-B838-FB468A97C2BA}.Release|Any CPU.ActiveCfg = Release|Any CPU
		{AE0F3F62-5734-44C7-B838-FB468A97C2BA}.Release|Any CPU.Build.0 = Release|Any CPU
	EndGlobalSection
	GlobalSection(SolutionProperties) = preSolution
		HideSolutionNode = FALSE
	EndGlobalSection
	GlobalSection(ExtensibilityGlobals) = postSolution
		SolutionGuid = {A734C907-D1E7-45C3-B2A7-E259E5DF96E0}
	EndGlobalSection
EndGlobal
