
Microsoft Visual Studio Solution File, Format Version 12.00
# Visual Studio Version 17
VisualStudioVersion = 17.5.33516.290
MinimumVisualStudioVersion = 10.0.40219.1
Project("{FAE04EC0-301F-11D3-BF4B-00C04F79EFBC}") = "Ejercicio_I01", "Ejercicio_I01\Ejercicio_I01.csproj", "{0B79BFFA-5F1E-4CE2-A626-A435C28FB495}"
EndProject
Global
	GlobalSection(SolutionConfigurationPlatforms) = preSolution
		Debug|Any CPU = Debug|Any CPU
		Release|Any CPU = Release|Any CPU
	EndGlobalSection
	GlobalSection(ProjectConfigurationPlatforms) = postSolution
		{0B79BFFA-5F1E-4CE2-A626-A435C28FB495}.Debug|Any CPU.ActiveCfg = Debug|Any CPU
		{0B79BFFA-5F1E-4CE2-A626-A435C28FB495}.Debug|Any CPU.Build.0 = Debug|Any CPU
		{0B79BFFA-5F1E-4CE2-A626-A435C28FB495}.Release|Any CPU.ActiveCfg = Release|Any CPU
		{0B79BFFA-5F1E-4CE2-A626-A435C28FB495}.Release|Any CPU.Build.0 = Release|Any CPU
	EndGlobalSection
	GlobalSection(SolutionProperties) = preSolution
		HideSolutionNode = FALSE
	EndGlobalSection
	GlobalSection(ExtensibilityGlobals) = postSolution
		SolutionGuid = {75EC5D54-57EF-490D-969F-CF77655F8B30}
	EndGlobalSection
EndGlobal
