
Microsoft Visual Studio Solution File, Format Version 12.00
# Visual Studio Version 17
VisualStudioVersion = 17.5.33516.290
MinimumVisualStudioVersion = 10.0.40219.1
Project("{FAE04EC0-301F-11D3-BF4B-00C04F79EFBC}") = "Ejercicio_20", "Ejercicio_20\Ejercicio_20.csproj", "{DB7891D2-819D-44C7-B299-050991BCF2D1}"
EndProject
Project("{FAE04EC0-301F-11D3-BF4B-00C04F79EFBC}") = "Billetes", "Billetes\Billetes.csproj", "{44C456A9-7708-412B-84CA-06692A3FF1D6}"
EndProject
Global
	GlobalSection(SolutionConfigurationPlatforms) = preSolution
		Debug|Any CPU = Debug|Any CPU
		Release|Any CPU = Release|Any CPU
	EndGlobalSection
	GlobalSection(ProjectConfigurationPlatforms) = postSolution
		{DB7891D2-819D-44C7-B299-050991BCF2D1}.Debug|Any CPU.ActiveCfg = Debug|Any CPU
		{DB7891D2-819D-44C7-B299-050991BCF2D1}.Debug|Any CPU.Build.0 = Debug|Any CPU
		{DB7891D2-819D-44C7-B299-050991BCF2D1}.Release|Any CPU.ActiveCfg = Release|Any CPU
		{DB7891D2-819D-44C7-B299-050991BCF2D1}.Release|Any CPU.Build.0 = Release|Any CPU
		{44C456A9-7708-412B-84CA-06692A3FF1D6}.Debug|Any CPU.ActiveCfg = Debug|Any CPU
		{44C456A9-7708-412B-84CA-06692A3FF1D6}.Debug|Any CPU.Build.0 = Debug|Any CPU
		{44C456A9-7708-412B-84CA-06692A3FF1D6}.Release|Any CPU.ActiveCfg = Release|Any CPU
		{44C456A9-7708-412B-84CA-06692A3FF1D6}.Release|Any CPU.Build.0 = Release|Any CPU
	EndGlobalSection
	GlobalSection(SolutionProperties) = preSolution
		HideSolutionNode = FALSE
	EndGlobalSection
	GlobalSection(ExtensibilityGlobals) = postSolution
		SolutionGuid = {BE882E23-F95C-496C-956A-C6E69405CED4}
	EndGlobalSection
EndGlobal
