
Microsoft Visual Studio Solution File, Format Version 12.00
# Visual Studio Version 17
VisualStudioVersion = 17.5.33516.290
MinimumVisualStudioVersion = 10.0.40219.1
Project("{FAE04EC0-301F-11D3-BF4B-00C04F79EFBC}") = "Ejercicio_I01", "Ejercicio_I01\Ejercicio_I01.csproj", "{A7F0F188-D4D9-4879-BE89-0B08F8908D15}"
EndProject
Project("{FAE04EC0-301F-11D3-BF4B-00C04F79EFBC}") = "Entidades", "Entidades\Entidades.csproj", "{4D658CD4-ED53-404E-B9A5-7341EC3C7BB3}"
EndProject
Global
	GlobalSection(SolutionConfigurationPlatforms) = preSolution
		Debug|Any CPU = Debug|Any CPU
		Release|Any CPU = Release|Any CPU
	EndGlobalSection
	GlobalSection(ProjectConfigurationPlatforms) = postSolution
		{A7F0F188-D4D9-4879-BE89-0B08F8908D15}.Debug|Any CPU.ActiveCfg = Debug|Any CPU
		{A7F0F188-D4D9-4879-BE89-0B08F8908D15}.Debug|Any CPU.Build.0 = Debug|Any CPU
		{A7F0F188-D4D9-4879-BE89-0B08F8908D15}.Release|Any CPU.ActiveCfg = Release|Any CPU
		{A7F0F188-D4D9-4879-BE89-0B08F8908D15}.Release|Any CPU.Build.0 = Release|Any CPU
		{4D658CD4-ED53-404E-B9A5-7341EC3C7BB3}.Debug|Any CPU.ActiveCfg = Debug|Any CPU
		{4D658CD4-ED53-404E-B9A5-7341EC3C7BB3}.Debug|Any CPU.Build.0 = Debug|Any CPU
		{4D658CD4-ED53-404E-B9A5-7341EC3C7BB3}.Release|Any CPU.ActiveCfg = Release|Any CPU
		{4D658CD4-ED53-404E-B9A5-7341EC3C7BB3}.Release|Any CPU.Build.0 = Release|Any CPU
	EndGlobalSection
	GlobalSection(SolutionProperties) = preSolution
		HideSolutionNode = FALSE
	EndGlobalSection
	GlobalSection(ExtensibilityGlobals) = postSolution
		SolutionGuid = {437C9D66-9395-47A4-8B63-3E17BF29BA5A}
	EndGlobalSection
EndGlobal
